title: Contact Bloack

sections: # keyword that allows you to add multiple section types
  contactBlockArea:
    label: false
    type: writer
    marks: false
    icon: false
    nodes: 
      - paragraph
      - heading
      - bulletList
  extends: dreamform/fields/form
# type: blocks
# fieldsets:
#   - full_width_video
#   - team
#   - center_text
#   - logo_strip
#   - text_fill 
#   - lrd
#   - form
#   - offices
#   - sticky_text
#   - layouts
#   - page_grid
  ########
# : Contact Block
# icon: mail-send-line
# wysiwyg: true
# preview: fields
# content:
#   icon: edit
#   fields:
#     contactBlockArea:
#       label: false
#       type: writer
#       marks: false
#       icon: false
#       nodes: 
#         - paragraph
#         - heading
#         - bulletList
#     extends: dreamform/fields/form